
Microsoft Visual Studio Solution File, Format Version 12.00
# Visual Studio 15
VisualStudioVersion = 15.0.28307.168
MinimumVisualStudioVersion = 10.0.40219.1
Project("{FAE04EC0-301F-11D3-BF4B-00C04F79EFBC}") = "DutchTreat", "DutchTreat\DutchTreat.csproj", "{1D9B70E7-F82E-43F8-9827-C7C25C4E68F7}"
EndProject
Global
	GlobalSection(SolutionConfigurationPlatforms) = preSolution
		Debug|Any CPU = Debug|Any CPU
		Release|Any CPU = Release|Any CPU
	EndGlobalSection
	GlobalSection(ProjectConfigurationPlatforms) = postSolution
		{1D9B70E7-F82E-43F8-9827-C7C25C4E68F7}.Debug|Any CPU.ActiveCfg = Debug|Any CPU
		{1D9B70E7-F82E-43F8-9827-C7C25C4E68F7}.Debug|Any CPU.Build.0 = Debug|Any CPU
		{1D9B70E7-F82E-43F8-9827-C7C25C4E68F7}.Release|Any CPU.ActiveCfg = Release|Any CPU
		{1D9B70E7-F82E-43F8-9827-C7C25C4E68F7}.Release|Any CPU.Build.0 = Release|Any CPU
	EndGlobalSection
	GlobalSection(SolutionProperties) = preSolution
		HideSolutionNode = FALSE
	EndGlobalSection
	GlobalSection(ExtensibilityGlobals) = postSolution
		SolutionGuid = {3B3F68B6-1CB5-4CD7-9762-C4820FB73775}
	EndGlobalSection
EndGlobal
